
Microsoft Visual Studio Solution File, Format Version 12.00
# Visual Studio 14
VisualStudioVersion = 14.0.25123.0
MinimumVisualStudioVersion = 10.0.40219.1
Project("{FAE04EC0-301F-11D3-BF4B-00C04F79EFBC}") = "Ghpr.SpecFlow.Examples", "Ghpr.SpecFlow.Examples\Ghpr.SpecFlow.Examples.csproj", "{9C73A1AD-C7FB-44A8-A19D-01B87A5372E6}"
EndProject
Project("{FAE04EC0-301F-11D3-BF4B-00C04F79EFBC}") = "Ghpr.SpecFlow.ParallelExamples", "Ghpr.SpecFlow.ParallelExamples\Ghpr.SpecFlow.ParallelExamples.csproj", "{95697E24-84E0-4412-8147-D4ABB4102D9D}"
EndProject
Global
	GlobalSection(SolutionConfigurationPlatforms) = preSolution
		Debug|Any CPU = Debug|Any CPU
		Release|Any CPU = Release|Any CPU
	EndGlobalSection
	GlobalSection(ProjectConfigurationPlatforms) = postSolution
		{9C73A1AD-C7FB-44A8-A19D-01B87A5372E6}.Debug|Any CPU.ActiveCfg = Debug|Any CPU
		{9C73A1AD-C7FB-44A8-A19D-01B87A5372E6}.Debug|Any CPU.Build.0 = Debug|Any CPU
		{9C73A1AD-C7FB-44A8-A19D-01B87A5372E6}.Release|Any CPU.ActiveCfg = Release|Any CPU
		{9C73A1AD-C7FB-44A8-A19D-01B87A5372E6}.Release|Any CPU.Build.0 = Release|Any CPU
		{95697E24-84E0-4412-8147-D4ABB4102D9D}.Debug|Any CPU.ActiveCfg = Debug|Any CPU
		{95697E24-84E0-4412-8147-D4ABB4102D9D}.Debug|Any CPU.Build.0 = Debug|Any CPU
		{95697E24-84E0-4412-8147-D4ABB4102D9D}.Release|Any CPU.ActiveCfg = Release|Any CPU
		{95697E24-84E0-4412-8147-D4ABB4102D9D}.Release|Any CPU.Build.0 = Release|Any CPU
	EndGlobalSection
	GlobalSection(SolutionProperties) = preSolution
		HideSolutionNode = FALSE
	EndGlobalSection
EndGlobal
